<?xml version="1.0" encoding="utf-8"?>
<Project ToolsVersion="4.0" xmlns="http://schemas.microsoft.com/developer/msbuild/2003">
  <ItemGroup>
    <ClCompile Include="Core\AssetManager.cpp" />
    <ClCompile Include="Rendering\WindowHandler.cpp" />
    <ClCompile Include="Rendering\Camera.cpp" />
    <ClCompile Include="System\Game.cpp" />
    <ClCompile Include="System\glad.c" />
    <ClCompile Include="System\InputReceiver.cpp" />
    <ClCompile Include="System\Log.cpp" />
    <ClCompile Include="System\ThreadPool.cpp" />
    <ClCompile Include="System\Timer.cpp" />
    <ClCompile Include="System\Memory\Allocator.cpp" />
    <ClCompile Include="System\Memory\MemoryInterface.cpp" />
    <ClCompile Include="System\Memory\PoolAllocator.cpp" />
    <ClCompile Include="System\Memory\StackAllocator.cpp" />
    <ClCompile Include="Core\Events\EventManager.cpp" />
    <ClCompile Include="Core\Events\EventSystem.cpp" />
    <ClCompile Include="Core\Events\KeyEvents.cpp" />
    <ClCompile Include="Rendering\PipeLine\Material.cpp" />
    <ClCompile Include="Rendering\PipeLine\Mesh.cpp" />
    <ClCompile Include="Rendering\PipeLine\Renderer.cpp" />
    <ClCompile Include="Rendering\PipeLine\Shader.cpp" />
    <ClCompile Include="Rendering\BufferDefinitions\IndexBuffer.cpp" />
    <ClCompile Include="Rendering\BufferDefinitions\VertexArray.cpp" />
    <ClCompile Include="Rendering\BufferDefinitions\VertexBuffer.cpp" />
    <ClCompile Include="System\Application.cpp" />
    <ClCompile Include="Core\Scene\SceneGraph.cpp" />
    <ClCompile Include="Core\EntityManager.cpp" />
    <ClCompile Include="Physics\Physics.cpp" />
    <ClCompile Include="Physics\PhysicsSystem.cpp" />
    <ClCompile Include="Physics\PXMathUtils.cpp" />
    <ClCompile Include="Rendering\PipeLine\Octree.cpp" />
    <ClCompile Include="Rendering\PipeLine\Particle.cpp" />
    <ClCompile Include="Rendering\ParticleSystem.cpp" />
    <ClCompile Include="Rendering\PipeLine\MeshRenderPass.cpp" />
    <ClCompile Include="Rendering\PipeLine\ParticleRenderPass.cpp" />
    <ClCompile Include="Rendering\PipeLine\Renderable.cpp" />
    <ClCompile Include="Rendering\PipeLine\RenderPass.cpp" />
    <ClCompile Include="System\AudioEngine.cpp" />
    <ClCompile Include="Rendering\PipeLine\TransparentRenderPass.cpp" />
    <ClCompile Include="Physics\PXUtils.cpp" />
    <ClCompile Include="Physics\RayCast.cpp" />
    <ClCompile Include="Rendering\PipeLine\SkyRenderPass.cpp" />
    <ClCompile Include="Rendering\stb_image_dds_implementation.cpp" />
  </ItemGroup>
  <ItemGroup>
    <ClInclude Include="Core\AssetManager.h" />
    <ClInclude Include="Core\EntityInterface.h" />
    <ClInclude Include="Rendering\OpenGLErrorHandler.h" />
    <ClInclude Include="Rendering\stb_image.h" />
    <ClInclude Include="Rendering\WindowHandler.h" />
    <ClInclude Include="Rendering\Camera.h" />
    <ClInclude Include="System\framework.h" />
    <ClInclude Include="System\Game.h" />
    <ClInclude Include="System\InputReceiver.h" />
    <ClInclude Include="System\Log.h" />
    <ClInclude Include="System\targetver.h" />
    <ClInclude Include="System\ThreadPool.h" />
    <ClInclude Include="System\TimeBenchmark.h" />
    <ClInclude Include="System\Timer.h" />
    <ClInclude Include="System\Types.h" />
    <ClInclude Include="System\TypeToInt.h" />
    <ClInclude Include="System\Memory\Allocator.hpp" />
    <ClInclude Include="System\Memory\fmemory.h" />
    <ClInclude Include="System\Memory\fnew.h" />
    <ClInclude Include="System\Memory\MemoryInterface.h" />
    <ClInclude Include="System\Memory\PoolAllocator.hpp" />
    <ClInclude Include="System\Memory\STLMemoryInterface.h" />
    <ClInclude Include="System\Memory\StackAllocator.h" />
    <ClInclude Include="System\Memory\StackSTLAllocator.h" />
    <ClInclude Include="Core\Components\TransformComponent.h" />
    <ClInclude Include="Core\Components\AnimationComponent.h" />
    <ClInclude Include="Core\Components\PhysicsComponent.h" />
    <ClInclude Include="Core\Components\AudioComponent.h" />
    <ClInclude Include="Core\Components\AIComponent.h" />
    <ClInclude Include="Core\Components\BasicComponent.h" />
    <ClInclude Include="Core\Components\InputComponent.h" />
    <ClInclude Include="Core\Components\CameraComponent.h" />
    <ClInclude Include="Core\Events\Event.h" />
    <ClInclude Include="Core\Events\EventManager.h" />
    <ClInclude Include="Core\Events\EventSystem.h" />
    <ClInclude Include="Core\Events\KeyEvents.h" />
    <ClInclude Include="Core\Events\RenderEvent.h" />
    <ClInclude Include="Rendering\PipeLine\Material.h" />
    <ClInclude Include="Rendering\PipeLine\Mesh.h" />
    <ClInclude Include="Rendering\PipeLine\Renderer.h" />
    <ClInclude Include="Rendering\PipeLine\Shader.h" />
    <ClInclude Include="Rendering\PipeLine\Texture.h" />
    <ClInclude Include="Rendering\BufferDefinitions\IndexBuffer.h" />
    <ClInclude Include="Rendering\BufferDefinitions\VertexArray.h" />
    <ClInclude Include="Rendering\BufferDefinitions\VertexBuffer.h" />
    <ClInclude Include="Rendering\BufferDefinitions\VertexLayout.h" />
    <ClInclude Include="Core\Scene\SceneGraph.h" />
    <ClInclude Include="Core\EntityManager.h" />
    <ClInclude Include="Physics\Physics.h" />
    <ClInclude Include="Physics\PhysicsSystem.h" />
    <ClInclude Include="Physics\PXMathUtils.h" />
    <ClInclude Include="Rendering\PipeLine\Octree.h" />
    <ClInclude Include="Rendering\PipeLine\Particle.h" />
    <ClInclude Include="Rendering\PipeLine\ParticleData.h" />
    <ClInclude Include="Rendering\ParticleSystem.h" />
    <ClInclude Include="Core\Events\ParticleEvent.h" />
    <ClInclude Include="Core\Components\ParticleEmitterComponent.h" />
    <ClInclude Include="Rendering\PipeLine\MeshRenderPass.h" />
    <ClInclude Include="Rendering\PipeLine\ParticleRenderPass.h" />
    <ClInclude Include="Rendering\PipeLine\Renderable.h" />
    <ClInclude Include="Rendering\PipeLine\RenderPass.h" />
    <ClInclude Include="System\AudioEngine.h" />
    <ClInclude Include="Core\Components\RenderComponent.h" />
    <ClInclude Include="Rendering\PipeLine\TransparentRenderPass.h" />
    <ClInclude Include="Core\Events\PassingMeshEvent.h" />
    <ClInclude Include="Physics\PXUtils.h" />
    <ClInclude Include="Physics\RayCast.h" />
    <ClInclude Include="Rendering\PipeLine\SkyRenderPass.h" />
    <ClInclude Include="Rendering\stb_dds.h" />
    <ClInclude Include="Core\Events\PassToRenderer.h" />
  </ItemGroup>
  <ItemGroup>
    <None Include="Shader\FragmentShader.frag" />
    <None Include="Shader\VertexShader.vert" />
    <None Include="Rendering\Shader\FragmentShader.frag" />
    <None Include="Rendering\Shader\VertexShader.vert" />
    <None Include="Rendering\Shader\Particle.frag" />
    <None Include="Rendering\Shader\Particle.vert" />
    <None Include="Rendering\Shader\Post.frag" />
    <None Include="Rendering\Shader\Post.vert" />
    <None Include="Rendering\Shader\Sky.frag" />
    <None Include="Rendering\Shader\Sky.vert" />
    <None Include="Rendering\Shader\Skybox.vert" />
    <None Include="Rendering\Shader\Skybox.frag" />
    <None Include="packages.config" />
    <None Include="Rendering\Shader\Transparent.frag" />
    <None Include="Rendering\Shader\Transparent.vert" />
    <None Include="Rendering\Shader\VS_CubeMapShader.vert" />
    <None Include="Rendering\Shader\PS_CubeMapShader.frag" />
  </ItemGroup>
</Project>